
Microsoft Visual Studio Solution File, Format Version 12.00
# Visual Studio Version 17
VisualStudioVersion = 17.14.36518.9 d17.14
MinimumVisualStudioVersion = 10.0.40219.1
Project("{FAE04EC0-301F-11D3-BF4B-00C04F79EFBC}") = "Programa Prim", "Programa Prim\Programa Prim.csproj", "{EF0B5987-31D4-493B-B94B-F37FA5C991B5}"
EndProject
Global
	GlobalSection(SolutionConfigurationPlatforms) = preSolution
		Debug|Any CPU = Debug|Any CPU
		Release|Any CPU = Release|Any CPU
	EndGlobalSection
	GlobalSection(ProjectConfigurationPlatforms) = postSolution
		{EF0B5987-31D4-493B-B94B-F37FA5C991B5}.Debug|Any CPU.ActiveCfg = Debug|Any CPU
		{EF0B5987-31D4-493B-B94B-F37FA5C991B5}.Debug|Any CPU.Build.0 = Debug|Any CPU
		{EF0B5987-31D4-493B-B94B-F37FA5C991B5}.Release|Any CPU.ActiveCfg = Release|Any CPU
		{EF0B5987-31D4-493B-B94B-F37FA5C991B5}.Release|Any CPU.Build.0 = Release|Any CPU
	EndGlobalSection
	GlobalSection(SolutionProperties) = preSolution
		HideSolutionNode = FALSE
	EndGlobalSection
	GlobalSection(ExtensibilityGlobals) = postSolution
		SolutionGuid = {72A3833B-5115-428C-BB27-192365A0B18C}
	EndGlobalSection
EndGlobal
